# This file is automatically @generated by Cargo.
# It is not intended for manual editing.
version = 4

[[package]]
name = "mango-agent-acp"
version = "0.1.0"
dependencies = [
 "mango-external-agents",
]

[[package]]
name = "mango-agent-claude"
version = "0.1.0"
dependencies = [
 "mango-external-agents",
]

[[package]]
name = "mango-agent-codex"
version = "0.1.0"
dependencies = [
 "mango-external-agents",
]

[[package]]
name = "mango-external-agents"
version = "0.1.0"

[[package]]
name = "mea"
version = "0.1.0"
dependencies = [
 "mango-agent-acp",
 "mango-agent-claude",
 "mango-agent-codex",
 "mango-external-agents",
]
